
Microsoft Visual Studio Solution File, Format Version 12.00
# Visual Studio Version 17
VisualStudioVersion = 17.0.32126.317
MinimumVisualStudioVersion = 10.0.40219.1
Project("{FAE04EC0-301F-11D3-BF4B-00C04F79EFBC}") = "Monopoly1", "Monopoly1\Monopoly1.csproj", "{3665C59D-F5FD-41D0-87E2-14EC8D5F85DD}"
EndProject
Global
	GlobalSection(SolutionConfigurationPlatforms) = preSolution
		Debug|Any CPU = Debug|Any CPU
		Release|Any CPU = Release|Any CPU
	EndGlobalSection
	GlobalSection(ProjectConfigurationPlatforms) = postSolution
		{3665C59D-F5FD-41D0-87E2-14EC8D5F85DD}.Debug|Any CPU.ActiveCfg = Debug|Any CPU
		{3665C59D-F5FD-41D0-87E2-14EC8D5F85DD}.Debug|Any CPU.Build.0 = Debug|Any CPU
		{3665C59D-F5FD-41D0-87E2-14EC8D5F85DD}.Release|Any CPU.ActiveCfg = Release|Any CPU
		{3665C59D-F5FD-41D0-87E2-14EC8D5F85DD}.Release|Any CPU.Build.0 = Release|Any CPU
	EndGlobalSection
	GlobalSection(SolutionProperties) = preSolution
		HideSolutionNode = FALSE
	EndGlobalSection
	GlobalSection(ExtensibilityGlobals) = postSolution
		SolutionGuid = {B1F50917-3520-47CF-987F-0D2C4C47FC35}
	EndGlobalSection
EndGlobal
